// !$*UTF8*$!
{
	archiveVersion = 1;
	classes = {
	};
	objectVersion = 46;
	objects = {

/* Begin PBXBuildFile section */
		9A7FD31F16F8E19200739D8A /* RZCollectionListTableViewDataSourceTests.m in Sources */ = {isa = PBXBuildFile; fileRef = 9A7FD31E16F8E19200739D8A /* RZCollectionListTableViewDataSourceTests.m */; };
		9A8FE797177346820003AD14 /* RZCollectionListFetchOrderTests.m in Sources */ = {isa = PBXBuildFile; fileRef = 9A8FE796177346820003AD14 /* RZCollectionListFetchOrderTests.m */; };
		9A8FE79A1773469F0003AD14 /* RZCollectionListFetchTestModel.xcdatamodeld in Sources */ = {isa = PBXBuildFile; fileRef = 9A8FE7981773469F0003AD14 /* RZCollectionListFetchTestModel.xcdatamodeld */; };
		9A8FE79E1773470B0003AD14 /* TestChildEntity.m in Sources */ = {isa = PBXBuildFile; fileRef = 9A8FE79D1773470B0003AD14 /* TestChildEntity.m */; };
		9A8FE7A11773470B0003AD14 /* TestParentEntity.m in Sources */ = {isa = PBXBuildFile; fileRef = 9A8FE7A01773470B0003AD14 /* TestParentEntity.m */; };
		9A8FE7A4177360DA0003AD14 /* RZCollectionListFetchedListComboTests.m in Sources */ = {isa = PBXBuildFile; fileRef = 9A8FE7A3177360DA0003AD14 /* RZCollectionListFetchedListComboTests.m */; };
		9A8FE7A71773629F0003AD14 /* RZCollectionListTestsBase.m in Sources */ = {isa = PBXBuildFile; fileRef = 9A8FE7A61773629F0003AD14 /* RZCollectionListTestsBase.m */; };
		9AD4907C170C6B80003AB9D7 /* RZCollectionListCollectionViewDataSourceTests.m in Sources */ = {isa = PBXBuildFile; fileRef = 9AD4907B170C6B80003AB9D7 /* RZCollectionListCollectionViewDataSourceTests.m */; };
		9AD49080170CCB06003AB9D7 /* QuartzCore.framework in Frameworks */ = {isa = PBXBuildFile; fileRef = 9AD4907F170CCB06003AB9D7 /* QuartzCore.framework */; };
		9AD49081170CCB35003AB9D7 /* QuartzCore.framework in Frameworks */ = {isa = PBXBuildFile; fileRef = 9AD4907F170CCB06003AB9D7 /* QuartzCore.framework */; };
		9AEAD7311772312C00B8A6BE /* RZCollectionListArrayListComboTests.m in Sources */ = {isa = PBXBuildFile; fileRef = 9AEAD7301772312C00B8A6BE /* RZCollectionListArrayListComboTests.m */; };
		9AEAD7341772324600B8A6BE /* RZCollectionListTestModelObject.m in Sources */ = {isa = PBXBuildFile; fileRef = 9AEAD7331772324600B8A6BE /* RZCollectionListTestModelObject.m */; };
		9AFC2D001774D44000FF5E53 /* NSFetchRequest+RZCreationHelpers.m in Sources */ = {isa = PBXBuildFile; fileRef = 9AFC2CEB1774D44000FF5E53 /* NSFetchRequest+RZCreationHelpers.m */; };
		9AFC2D011774D44000FF5E53 /* NSFetchRequest+RZCreationHelpers.m in Sources */ = {isa = PBXBuildFile; fileRef = 9AFC2CEB1774D44000FF5E53 /* NSFetchRequest+RZCreationHelpers.m */; };
		9AFC2D021774D44000FF5E53 /* RZArrayCollectionList.m in Sources */ = {isa = PBXBuildFile; fileRef = 9AFC2CED1774D44000FF5E53 /* RZArrayCollectionList.m */; };
		9AFC2D031774D44000FF5E53 /* RZArrayCollectionList.m in Sources */ = {isa = PBXBuildFile; fileRef = 9AFC2CED1774D44000FF5E53 /* RZArrayCollectionList.m */; };
		9AFC2D041774D44000FF5E53 /* RZBaseCollectionList.m in Sources */ = {isa = PBXBuildFile; fileRef = 9AFC2CEF1774D44000FF5E53 /* RZBaseCollectionList.m */; };
		9AFC2D051774D44000FF5E53 /* RZBaseCollectionList.m in Sources */ = {isa = PBXBuildFile; fileRef = 9AFC2CEF1774D44000FF5E53 /* RZBaseCollectionList.m */; };
		9AFC2D061774D44000FF5E53 /* RZCollectionListCollectionViewDataSource.m in Sources */ = {isa = PBXBuildFile; fileRef = 9AFC2CF21774D44000FF5E53 /* RZCollectionListCollectionViewDataSource.m */; };
		9AFC2D071774D44000FF5E53 /* RZCollectionListCollectionViewDataSource.m in Sources */ = {isa = PBXBuildFile; fileRef = 9AFC2CF21774D44000FF5E53 /* RZCollectionListCollectionViewDataSource.m */; };
		9AFC2D081774D44000FF5E53 /* RZCollectionListTableViewDataSource.m in Sources */ = {isa = PBXBuildFile; fileRef = 9AFC2CF51774D44000FF5E53 /* RZCollectionListTableViewDataSource.m */; };
		9AFC2D091774D44000FF5E53 /* RZCollectionListTableViewDataSource.m in Sources */ = {isa = PBXBuildFile; fileRef = 9AFC2CF51774D44000FF5E53 /* RZCollectionListTableViewDataSource.m */; };
		9AFC2D0A1774D44000FF5E53 /* RZCompositeCollectionList.m in Sources */ = {isa = PBXBuildFile; fileRef = 9AFC2CF71774D44000FF5E53 /* RZCompositeCollectionList.m */; };
		9AFC2D0B1774D44000FF5E53 /* RZCompositeCollectionList.m in Sources */ = {isa = PBXBuildFile; fileRef = 9AFC2CF71774D44000FF5E53 /* RZCompositeCollectionList.m */; };
		9AFC2D0C1774D44000FF5E53 /* RZFetchedCollectionList.m in Sources */ = {isa = PBXBuildFile; fileRef = 9AFC2CF91774D44000FF5E53 /* RZFetchedCollectionList.m */; };
		9AFC2D0D1774D44000FF5E53 /* RZFetchedCollectionList.m in Sources */ = {isa = PBXBuildFile; fileRef = 9AFC2CF91774D44000FF5E53 /* RZFetchedCollectionList.m */; };
		9AFC2D0E1774D44000FF5E53 /* RZFilteredCollectionList.m in Sources */ = {isa = PBXBuildFile; fileRef = 9AFC2CFB1774D44000FF5E53 /* RZFilteredCollectionList.m */; };
		9AFC2D0F1774D44000FF5E53 /* RZFilteredCollectionList.m in Sources */ = {isa = PBXBuildFile; fileRef = 9AFC2CFB1774D44000FF5E53 /* RZFilteredCollectionList.m */; };
		9AFC2D101774D44000FF5E53 /* RZObserverCollection.m in Sources */ = {isa = PBXBuildFile; fileRef = 9AFC2CFD1774D44000FF5E53 /* RZObserverCollection.m */; };
		9AFC2D111774D44000FF5E53 /* RZObserverCollection.m in Sources */ = {isa = PBXBuildFile; fileRef = 9AFC2CFD1774D44000FF5E53 /* RZObserverCollection.m */; };
		9AFC2D121774D44000FF5E53 /* RZSortedCollectionList.m in Sources */ = {isa = PBXBuildFile; fileRef = 9AFC2CFF1774D44000FF5E53 /* RZSortedCollectionList.m */; };
		9AFC2D131774D44000FF5E53 /* RZSortedCollectionList.m in Sources */ = {isa = PBXBuildFile; fileRef = 9AFC2CFF1774D44000FF5E53 /* RZSortedCollectionList.m */; };
		9AFC2D1E1774D82B00FF5E53 /* RZCollectionListNotificationWrappers.m in Sources */ = {isa = PBXBuildFile; fileRef = 9AFC2D1D1774D82A00FF5E53 /* RZCollectionListNotificationWrappers.m */; };
		9AFC2D1F1774D82B00FF5E53 /* RZCollectionListNotificationWrappers.m in Sources */ = {isa = PBXBuildFile; fileRef = 9AFC2D1D1774D82A00FF5E53 /* RZCollectionListNotificationWrappers.m */; };
		FE02ACDC160289A40096F3EA /* UIKit.framework in Frameworks */ = {isa = PBXBuildFile; fileRef = FE02ACDB160289A40096F3EA /* UIKit.framework */; };
		FE02ACDE160289A40096F3EA /* Foundation.framework in Frameworks */ = {isa = PBXBuildFile; fileRef = FE02ACDD160289A40096F3EA /* Foundation.framework */; };
		FE02ACE0160289A40096F3EA /* CoreGraphics.framework in Frameworks */ = {isa = PBXBuildFile; fileRef = FE02ACDF160289A40096F3EA /* CoreGraphics.framework */; };
		FE02ACE2160289A40096F3EA /* CoreData.framework in Frameworks */ = {isa = PBXBuildFile; fileRef = FE02ACE1160289A40096F3EA /* CoreData.framework */; };
		FE02ACE8160289A40096F3EA /* InfoPlist.strings in Resources */ = {isa = PBXBuildFile; fileRef = FE02ACE6160289A40096F3EA /* InfoPlist.strings */; };
		FE02ACEA160289A40096F3EA /* main.m in Sources */ = {isa = PBXBuildFile; fileRef = FE02ACE9160289A40096F3EA /* main.m */; };
		FE02ACEE160289A40096F3EA /* AppDelegate.m in Sources */ = {isa = PBXBuildFile; fileRef = FE02ACED160289A40096F3EA /* AppDelegate.m */; };
		FE02ACF0160289A40096F3EA /* Default.png in Resources */ = {isa = PBXBuildFile; fileRef = FE02ACEF160289A40096F3EA /* Default.png */; };
		FE02ACF2160289A40096F3EA /* Default@2x.png in Resources */ = {isa = PBXBuildFile; fileRef = FE02ACF1160289A40096F3EA /* Default@2x.png */; };
		FE02ACF4160289A40096F3EA /* Default-568h@2x.png in Resources */ = {isa = PBXBuildFile; fileRef = FE02ACF3160289A40096F3EA /* Default-568h@2x.png */; };
		FE02ACF7160289A40096F3EA /* RZCollectionList_Demo.xcdatamodeld in Sources */ = {isa = PBXBuildFile; fileRef = FE02ACF5160289A40096F3EA /* RZCollectionList_Demo.xcdatamodeld */; };
		FE02ACFF160289A40096F3EA /* SenTestingKit.framework in Frameworks */ = {isa = PBXBuildFile; fileRef = FE02ACFE160289A40096F3EA /* SenTestingKit.framework */; };
		FE02AD00160289A40096F3EA /* UIKit.framework in Frameworks */ = {isa = PBXBuildFile; fileRef = FE02ACDB160289A40096F3EA /* UIKit.framework */; };
		FE02AD01160289A40096F3EA /* Foundation.framework in Frameworks */ = {isa = PBXBuildFile; fileRef = FE02ACDD160289A40096F3EA /* Foundation.framework */; };
		FE02AD02160289A40096F3EA /* CoreData.framework in Frameworks */ = {isa = PBXBuildFile; fileRef = FE02ACE1160289A40096F3EA /* CoreData.framework */; };
		FE02AD0A160289A40096F3EA /* InfoPlist.strings in Resources */ = {isa = PBXBuildFile; fileRef = FE02AD08160289A40096F3EA /* InfoPlist.strings */; };
		FE02AD2C1603DB3F0096F3EA /* ListItem.m in Sources */ = {isa = PBXBuildFile; fileRef = FE02AD2B1603DB3F0096F3EA /* ListItem.m */; };
		FE02AD2D1603DB3F0096F3EA /* ListItem.m in Sources */ = {isa = PBXBuildFile; fileRef = FE02AD2B1603DB3F0096F3EA /* ListItem.m */; };
		FE02AD361603DBF00096F3EA /* DemoCollectionListViewController.m in Sources */ = {isa = PBXBuildFile; fileRef = FE02AD341603DBF00096F3EA /* DemoCollectionListViewController.m */; };
		FE02AD371603DBF00096F3EA /* DemoCollectionListViewController.m in Sources */ = {isa = PBXBuildFile; fileRef = FE02AD341603DBF00096F3EA /* DemoCollectionListViewController.m */; };
		FE02AD381603DBF00096F3EA /* DemoCollectionListViewController.xib in Resources */ = {isa = PBXBuildFile; fileRef = FE02AD351603DBF00096F3EA /* DemoCollectionListViewController.xib */; };
		FE02AD391603DBF00096F3EA /* DemoCollectionListViewController.xib in Resources */ = {isa = PBXBuildFile; fileRef = FE02AD351603DBF00096F3EA /* DemoCollectionListViewController.xib */; };
		FE02AD411607FA980096F3EA /* ListItemObject.m in Sources */ = {isa = PBXBuildFile; fileRef = FE02AD401607FA980096F3EA /* ListItemObject.m */; };
		FE02AD421607FA980096F3EA /* ListItemObject.m in Sources */ = {isa = PBXBuildFile; fileRef = FE02AD401607FA980096F3EA /* ListItemObject.m */; };
		FE16938516F8BE18003AAD76 /* RZFilteredCollectionListTests.m in Sources */ = {isa = PBXBuildFile; fileRef = FE16938416F8BE18003AAD76 /* RZFilteredCollectionListTests.m */; };
		FE25125C166EDF440098AC59 /* SortedListViewController.m in Sources */ = {isa = PBXBuildFile; fileRef = FE25125A166EDF440098AC59 /* SortedListViewController.m */; };
		FE25125D166EDF440098AC59 /* SortedListViewController.xib in Resources */ = {isa = PBXBuildFile; fileRef = FE25125B166EDF440098AC59 /* SortedListViewController.xib */; };
		FE2DA2C0165BF12E0035967E /* FilteredListViewController.m in Sources */ = {isa = PBXBuildFile; fileRef = FE2DA2BE165BF12E0035967E /* FilteredListViewController.m */; };
		FE2DA2C1165BF12E0035967E /* FilteredListViewController.xib in Resources */ = {isa = PBXBuildFile; fileRef = FE2DA2BF165BF12E0035967E /* FilteredListViewController.xib */; };
		FE2DA2CA165C24E60035967E /* ArrayListViewController.m in Sources */ = {isa = PBXBuildFile; fileRef = FE2DA2C8165C24E60035967E /* ArrayListViewController.m */; };
		FE2DA2CB165C24E60035967E /* ArrayListViewController.xib in Resources */ = {isa = PBXBuildFile; fileRef = FE2DA2C9165C24E60035967E /* ArrayListViewController.xib */; };
		FE2DA2CF165C2D080035967E /* FetchedListViewController.m in Sources */ = {isa = PBXBuildFile; fileRef = FE2DA2CD165C2D070035967E /* FetchedListViewController.m */; };
		FE2DA2D0165C2D080035967E /* FetchedListViewController.xib in Resources */ = {isa = PBXBuildFile; fileRef = FE2DA2CE165C2D080035967E /* FetchedListViewController.xib */; };
		FEBD245F16A06E9300DF7BA7 /* ArrayListViewController~ipad.xib in Resources */ = {isa = PBXBuildFile; fileRef = FEBD245E16A06E9200DF7BA7 /* ArrayListViewController~ipad.xib */; };
		FEBD246916A07A6F00DF7BA7 /* SortedListViewController~ipad.xib in Resources */ = {isa = PBXBuildFile; fileRef = FEBD246516A07A6700DF7BA7 /* SortedListViewController~ipad.xib */; };
		FEBD246A16A07A6F00DF7BA7 /* FilteredListViewController~ipad.xib in Resources */ = {isa = PBXBuildFile; fileRef = FEBD246616A07A6900DF7BA7 /* FilteredListViewController~ipad.xib */; };
		FEBD246B16A07A6F00DF7BA7 /* CompositeListViewController~ipad.xib in Resources */ = {isa = PBXBuildFile; fileRef = FEBD246716A07A6C00DF7BA7 /* CompositeListViewController~ipad.xib */; };
		FEBD246C16A07A6F00DF7BA7 /* FetchedListViewController~ipad.xib in Resources */ = {isa = PBXBuildFile; fileRef = FEBD246816A07A6E00DF7BA7 /* FetchedListViewController~ipad.xib */; };
		FEFDE81316693F1B0052AE2D /* CompositeListViewController.m in Sources */ = {isa = PBXBuildFile; fileRef = FEFDE81116693F1B0052AE2D /* CompositeListViewController.m */; };
		FEFDE81416693F1B0052AE2D /* CompositeListViewController.xib in Resources */ = {isa = PBXBuildFile; fileRef = FEFDE81216693F1B0052AE2D /* CompositeListViewController.xib */; };
/* End PBXBuildFile section */

/* Begin PBXContainerItemProxy section */
		FE02AD03160289A40096F3EA /* PBXContainerItemProxy */ = {
			isa = PBXContainerItemProxy;
			containerPortal = FE02ACCE160289A40096F3EA /* Project object */;
			proxyType = 1;
			remoteGlobalIDString = FE02ACD6160289A40096F3EA;
			remoteInfo = "RZCollectionList-Demo";
		};
/* End PBXContainerItemProxy section */

/* Begin PBXFileReference section */
		9A7FD31D16F8E19200739D8A /* RZCollectionListTableViewDataSourceTests.h */ = {isa = PBXFileReference; fileEncoding = 4; lastKnownFileType = sourcecode.c.h; path = RZCollectionListTableViewDataSourceTests.h; sourceTree = "<group>"; };
		9A7FD31E16F8E19200739D8A /* RZCollectionListTableViewDataSourceTests.m */ = {isa = PBXFileReference; fileEncoding = 4; lastKnownFileType = sourcecode.c.objc; path = RZCollectionListTableViewDataSourceTests.m; sourceTree = "<group>"; };
		9A8FE795177346820003AD14 /* RZCollectionListFetchOrderTests.h */ = {isa = PBXFileReference; fileEncoding = 4; lastKnownFileType = sourcecode.c.h; path = RZCollectionListFetchOrderTests.h; sourceTree = "<group>"; };
		9A8FE796177346820003AD14 /* RZCollectionListFetchOrderTests.m */ = {isa = PBXFileReference; fileEncoding = 4; lastKnownFileType = sourcecode.c.objc; path = RZCollectionListFetchOrderTests.m; sourceTree = "<group>"; };
		9A8FE7991773469F0003AD14 /* RZCollectionListFetchTestModel.xcdatamodel */ = {isa = PBXFileReference; lastKnownFileType = wrapper.xcdatamodel; path = RZCollectionListFetchTestModel.xcdatamodel; sourceTree = "<group>"; };
		9A8FE79C1773470B0003AD14 /* TestChildEntity.h */ = {isa = PBXFileReference; fileEncoding = 4; lastKnownFileType = sourcecode.c.h; path = TestChildEntity.h; sourceTree = "<group>"; };
		9A8FE79D1773470B0003AD14 /* TestChildEntity.m */ = {isa = PBXFileReference; fileEncoding = 4; lastKnownFileType = sourcecode.c.objc; path = TestChildEntity.m; sourceTree = "<group>"; };
		9A8FE79F1773470B0003AD14 /* TestParentEntity.h */ = {isa = PBXFileReference; fileEncoding = 4; lastKnownFileType = sourcecode.c.h; path = TestParentEntity.h; sourceTree = "<group>"; };
		9A8FE7A01773470B0003AD14 /* TestParentEntity.m */ = {isa = PBXFileReference; fileEncoding = 4; lastKnownFileType = sourcecode.c.objc; path = TestParentEntity.m; sourceTree = "<group>"; };
		9A8FE7A2177360DA0003AD14 /* RZCollectionListFetchedListComboTests.h */ = {isa = PBXFileReference; fileEncoding = 4; lastKnownFileType = sourcecode.c.h; path = RZCollectionListFetchedListComboTests.h; sourceTree = "<group>"; };
		9A8FE7A3177360DA0003AD14 /* RZCollectionListFetchedListComboTests.m */ = {isa = PBXFileReference; fileEncoding = 4; lastKnownFileType = sourcecode.c.objc; path = RZCollectionListFetchedListComboTests.m; sourceTree = "<group>"; };
		9A8FE7A51773629F0003AD14 /* RZCollectionListTestsBase.h */ = {isa = PBXFileReference; fileEncoding = 4; lastKnownFileType = sourcecode.c.h; path = RZCollectionListTestsBase.h; sourceTree = "<group>"; };
		9A8FE7A61773629F0003AD14 /* RZCollectionListTestsBase.m */ = {isa = PBXFileReference; fileEncoding = 4; lastKnownFileType = sourcecode.c.objc; path = RZCollectionListTestsBase.m; sourceTree = "<group>"; };
		9AD4907A170C6B80003AB9D7 /* RZCollectionListCollectionViewDataSourceTests.h */ = {isa = PBXFileReference; fileEncoding = 4; lastKnownFileType = sourcecode.c.h; path = RZCollectionListCollectionViewDataSourceTests.h; sourceTree = "<group>"; };
		9AD4907B170C6B80003AB9D7 /* RZCollectionListCollectionViewDataSourceTests.m */ = {isa = PBXFileReference; fileEncoding = 4; lastKnownFileType = sourcecode.c.objc; path = RZCollectionListCollectionViewDataSourceTests.m; sourceTree = "<group>"; };
		9AD4907F170CCB06003AB9D7 /* QuartzCore.framework */ = {isa = PBXFileReference; lastKnownFileType = wrapper.framework; name = QuartzCore.framework; path = System/Library/Frameworks/QuartzCore.framework; sourceTree = SDKROOT; };
		9AEAD72F1772312C00B8A6BE /* RZCollectionListArrayListComboTests.h */ = {isa = PBXFileReference; fileEncoding = 4; lastKnownFileType = sourcecode.c.h; path = RZCollectionListArrayListComboTests.h; sourceTree = "<group>"; };
		9AEAD7301772312C00B8A6BE /* RZCollectionListArrayListComboTests.m */ = {isa = PBXFileReference; fileEncoding = 4; lastKnownFileType = sourcecode.c.objc; path = RZCollectionListArrayListComboTests.m; sourceTree = "<group>"; };
		9AEAD7321772324600B8A6BE /* RZCollectionListTestModelObject.h */ = {isa = PBXFileReference; fileEncoding = 4; lastKnownFileType = sourcecode.c.h; path = RZCollectionListTestModelObject.h; sourceTree = "<group>"; };
		9AEAD7331772324600B8A6BE /* RZCollectionListTestModelObject.m */ = {isa = PBXFileReference; fileEncoding = 4; lastKnownFileType = sourcecode.c.objc; path = RZCollectionListTestModelObject.m; sourceTree = "<group>"; };
		9AFC2CEA1774D44000FF5E53 /* NSFetchRequest+RZCreationHelpers.h */ = {isa = PBXFileReference; fileEncoding = 4; lastKnownFileType = sourcecode.c.h; path = "NSFetchRequest+RZCreationHelpers.h"; sourceTree = "<group>"; };
		9AFC2CEB1774D44000FF5E53 /* NSFetchRequest+RZCreationHelpers.m */ = {isa = PBXFileReference; fileEncoding = 4; lastKnownFileType = sourcecode.c.objc; path = "NSFetchRequest+RZCreationHelpers.m"; sourceTree = "<group>"; };
		9AFC2CEC1774D44000FF5E53 /* RZArrayCollectionList.h */ = {isa = PBXFileReference; fileEncoding = 4; lastKnownFileType = sourcecode.c.h; path = RZArrayCollectionList.h; sourceTree = "<group>"; };
		9AFC2CED1774D44000FF5E53 /* RZArrayCollectionList.m */ = {isa = PBXFileReference; fileEncoding = 4; lastKnownFileType = sourcecode.c.objc; path = RZArrayCollectionList.m; sourceTree = "<group>"; };
		9AFC2CEE1774D44000FF5E53 /* RZBaseCollectionList.h */ = {isa = PBXFileReference; fileEncoding = 4; lastKnownFileType = sourcecode.c.h; path = RZBaseCollectionList.h; sourceTree = "<group>"; };
		9AFC2CEF1774D44000FF5E53 /* RZBaseCollectionList.m */ = {isa = PBXFileReference; fileEncoding = 4; lastKnownFileType = sourcecode.c.objc; path = RZBaseCollectionList.m; sourceTree = "<group>"; };
		9AFC2CF01774D44000FF5E53 /* RZBaseCollectionList_Private.h */ = {isa = PBXFileReference; fileEncoding = 4; lastKnownFileType = sourcecode.c.h; path = RZBaseCollectionList_Private.h; sourceTree = "<group>"; };
		9AFC2CF11774D44000FF5E53 /* RZCollectionListCollectionViewDataSource.h */ = {isa = PBXFileReference; fileEncoding = 4; lastKnownFileType = sourcecode.c.h; path = RZCollectionListCollectionViewDataSource.h; sourceTree = "<group>"; };
		9AFC2CF21774D44000FF5E53 /* RZCollectionListCollectionViewDataSource.m */ = {isa = PBXFileReference; fileEncoding = 4; lastKnownFileType = sourcecode.c.objc; path = RZCollectionListCollectionViewDataSource.m; sourceTree = "<group>"; };
		9AFC2CF31774D44000FF5E53 /* RZCollectionListProtocol.h */ = {isa = PBXFileReference; fileEncoding = 4; lastKnownFileType = sourcecode.c.h; path = RZCollectionListProtocol.h; sourceTree = "<group>"; };
		9AFC2CF41774D44000FF5E53 /* RZCollectionListTableViewDataSource.h */ = {isa = PBXFileReference; fileEncoding = 4; lastKnownFileType = sourcecode.c.h; path = RZCollectionListTableViewDataSource.h; sourceTree = "<group>"; };
		9AFC2CF51774D44000FF5E53 /* RZCollectionListTableViewDataSource.m */ = {isa = PBXFileReference; fileEncoding = 4; lastKnownFileType = sourcecode.c.objc; path = RZCollectionListTableViewDataSource.m; sourceTree = "<group>"; };
		9AFC2CF61774D44000FF5E53 /* RZCompositeCollectionList.h */ = {isa = PBXFileReference; fileEncoding = 4; lastKnownFileType = sourcecode.c.h; path = RZCompositeCollectionList.h; sourceTree = "<group>"; };
		9AFC2CF71774D44000FF5E53 /* RZCompositeCollectionList.m */ = {isa = PBXFileReference; fileEncoding = 4; lastKnownFileType = sourcecode.c.objc; path = RZCompositeCollectionList.m; sourceTree = "<group>"; };
		9AFC2CF81774D44000FF5E53 /* RZFetchedCollectionList.h */ = {isa = PBXFileReference; fileEncoding = 4; lastKnownFileType = sourcecode.c.h; path = RZFetchedCollectionList.h; sourceTree = "<group>"; };
		9AFC2CF91774D44000FF5E53 /* RZFetchedCollectionList.m */ = {isa = PBXFileReference; fileEncoding = 4; lastKnownFileType = sourcecode.c.objc; path = RZFetchedCollectionList.m; sourceTree = "<group>"; };
		9AFC2CFA1774D44000FF5E53 /* RZFilteredCollectionList.h */ = {isa = PBXFileReference; fileEncoding = 4; lastKnownFileType = sourcecode.c.h; path = RZFilteredCollectionList.h; sourceTree = "<group>"; };
		9AFC2CFB1774D44000FF5E53 /* RZFilteredCollectionList.m */ = {isa = PBXFileReference; fileEncoding = 4; lastKnownFileType = sourcecode.c.objc; path = RZFilteredCollectionList.m; sourceTree = "<group>"; };
		9AFC2CFC1774D44000FF5E53 /* RZObserverCollection.h */ = {isa = PBXFileReference; fileEncoding = 4; lastKnownFileType = sourcecode.c.h; path = RZObserverCollection.h; sourceTree = "<group>"; };
		9AFC2CFD1774D44000FF5E53 /* RZObserverCollection.m */ = {isa = PBXFileReference; fileEncoding = 4; lastKnownFileType = sourcecode.c.objc; path = RZObserverCollection.m; sourceTree = "<group>"; };
		9AFC2CFE1774D44000FF5E53 /* RZSortedCollectionList.h */ = {isa = PBXFileReference; fileEncoding = 4; lastKnownFileType = sourcecode.c.h; path = RZSortedCollectionList.h; sourceTree = "<group>"; };
		9AFC2CFF1774D44000FF5E53 /* RZSortedCollectionList.m */ = {isa = PBXFileReference; fileEncoding = 4; lastKnownFileType = sourcecode.c.objc; path = RZSortedCollectionList.m; sourceTree = "<group>"; };
		9AFC2D141774D45200FF5E53 /* RZCollectionList.h */ = {isa = PBXFileReference; fileEncoding = 4; lastKnownFileType = sourcecode.c.h; path = RZCollectionList.h; sourceTree = "<group>"; };
		9AFC2D1C1774D82A00FF5E53 /* RZCollectionListNotificationWrappers.h */ = {isa = PBXFileReference; fileEncoding = 4; lastKnownFileType = sourcecode.c.h; path = RZCollectionListNotificationWrappers.h; sourceTree = "<group>"; };
		9AFC2D1D1774D82A00FF5E53 /* RZCollectionListNotificationWrappers.m */ = {isa = PBXFileReference; fileEncoding = 4; lastKnownFileType = sourcecode.c.objc; path = RZCollectionListNotificationWrappers.m; sourceTree = "<group>"; };
		FE02ACD7160289A40096F3EA /* RZCollectionList-Demo.app */ = {isa = PBXFileReference; explicitFileType = wrapper.application; includeInIndex = 0; path = "RZCollectionList-Demo.app"; sourceTree = BUILT_PRODUCTS_DIR; };
		FE02ACDB160289A40096F3EA /* UIKit.framework */ = {isa = PBXFileReference; lastKnownFileType = wrapper.framework; name = UIKit.framework; path = System/Library/Frameworks/UIKit.framework; sourceTree = SDKROOT; };
		FE02ACDD160289A40096F3EA /* Foundation.framework */ = {isa = PBXFileReference; lastKnownFileType = wrapper.framework; name = Foundation.framework; path = System/Library/Frameworks/Foundation.framework; sourceTree = SDKROOT; };
		FE02ACDF160289A40096F3EA /* CoreGraphics.framework */ = {isa = PBXFileReference; lastKnownFileType = wrapper.framework; name = CoreGraphics.framework; path = System/Library/Frameworks/CoreGraphics.framework; sourceTree = SDKROOT; };
		FE02ACE1160289A40096F3EA /* CoreData.framework */ = {isa = PBXFileReference; lastKnownFileType = wrapper.framework; name = CoreData.framework; path = System/Library/Frameworks/CoreData.framework; sourceTree = SDKROOT; };
		FE02ACE5160289A40096F3EA /* RZCollectionList-Demo-Info.plist */ = {isa = PBXFileReference; lastKnownFileType = text.plist.xml; path = "RZCollectionList-Demo-Info.plist"; sourceTree = "<group>"; };
		FE02ACE7160289A40096F3EA /* en */ = {isa = PBXFileReference; lastKnownFileType = text.plist.strings; name = en; path = en.lproj/InfoPlist.strings; sourceTree = "<group>"; };
		FE02ACE9160289A40096F3EA /* main.m */ = {isa = PBXFileReference; lastKnownFileType = sourcecode.c.objc; path = main.m; sourceTree = "<group>"; };
		FE02ACEB160289A40096F3EA /* RZCollectionList-Demo-Prefix.pch */ = {isa = PBXFileReference; lastKnownFileType = sourcecode.c.h; path = "RZCollectionList-Demo-Prefix.pch"; sourceTree = "<group>"; };
		FE02ACEC160289A40096F3EA /* AppDelegate.h */ = {isa = PBXFileReference; lastKnownFileType = sourcecode.c.h; path = AppDelegate.h; sourceTree = "<group>"; };
		FE02ACED160289A40096F3EA /* AppDelegate.m */ = {isa = PBXFileReference; lastKnownFileType = sourcecode.c.objc; path = AppDelegate.m; sourceTree = "<group>"; };
		FE02ACEF160289A40096F3EA /* Default.png */ = {isa = PBXFileReference; lastKnownFileType = image.png; path = Default.png; sourceTree = "<group>"; };
		FE02ACF1160289A40096F3EA /* Default@2x.png */ = {isa = PBXFileReference; lastKnownFileType = image.png; path = "Default@2x.png"; sourceTree = "<group>"; };
		FE02ACF3160289A40096F3EA /* Default-568h@2x.png */ = {isa = PBXFileReference; lastKnownFileType = image.png; path = "Default-568h@2x.png"; sourceTree = "<group>"; };
		FE02ACF6160289A40096F3EA /* RZCollectionList_Demo.xcdatamodel */ = {isa = PBXFileReference; lastKnownFileType = wrapper.xcdatamodel; path = RZCollectionList_Demo.xcdatamodel; sourceTree = "<group>"; };
		FE02ACFD160289A40096F3EA /* RZCollectionList-DemoTests.octest */ = {isa = PBXFileReference; explicitFileType = wrapper.cfbundle; includeInIndex = 0; path = "RZCollectionList-DemoTests.octest"; sourceTree = BUILT_PRODUCTS_DIR; };
		FE02ACFE160289A40096F3EA /* SenTestingKit.framework */ = {isa = PBXFileReference; lastKnownFileType = wrapper.framework; name = SenTestingKit.framework; path = Library/Frameworks/SenTestingKit.framework; sourceTree = DEVELOPER_DIR; };
		FE02AD07160289A40096F3EA /* RZCollectionList-DemoTests-Info.plist */ = {isa = PBXFileReference; lastKnownFileType = text.plist.xml; path = "RZCollectionList-DemoTests-Info.plist"; sourceTree = "<group>"; };
		FE02AD09160289A40096F3EA /* en */ = {isa = PBXFileReference; lastKnownFileType = text.plist.strings; name = en; path = en.lproj/InfoPlist.strings; sourceTree = "<group>"; };
		FE02AD2A1603DB3F0096F3EA /* ListItem.h */ = {isa = PBXFileReference; fileEncoding = 4; lastKnownFileType = sourcecode.c.h; path = ListItem.h; sourceTree = "<group>"; };
		FE02AD2B1603DB3F0096F3EA /* ListItem.m */ = {isa = PBXFileReference; fileEncoding = 4; lastKnownFileType = sourcecode.c.objc; path = ListItem.m; sourceTree = "<group>"; };
		FE02AD331603DBF00096F3EA /* DemoCollectionListViewController.h */ = {isa = PBXFileReference; fileEncoding = 4; lastKnownFileType = sourcecode.c.h; path = DemoCollectionListViewController.h; sourceTree = "<group>"; };
		FE02AD341603DBF00096F3EA /* DemoCollectionListViewController.m */ = {isa = PBXFileReference; fileEncoding = 4; lastKnownFileType = sourcecode.c.objc; path = DemoCollectionListViewController.m; sourceTree = "<group>"; };
		FE02AD351603DBF00096F3EA /* DemoCollectionListViewController.xib */ = {isa = PBXFileReference; fileEncoding = 4; lastKnownFileType = file.xib; path = DemoCollectionListViewController.xib; sourceTree = "<group>"; };
		FE02AD3F1607FA980096F3EA /* ListItemObject.h */ = {isa = PBXFileReference; fileEncoding = 4; lastKnownFileType = sourcecode.c.h; name = ListItemObject.h; path = Objects/ListItemObject.h; sourceTree = "<group>"; };
		FE02AD401607FA980096F3EA /* ListItemObject.m */ = {isa = PBXFileReference; fileEncoding = 4; lastKnownFileType = sourcecode.c.objc; name = ListItemObject.m; path = Objects/ListItemObject.m; sourceTree = "<group>"; };
		FE16938316F8BE18003AAD76 /* RZFilteredCollectionListTests.h */ = {isa = PBXFileReference; fileEncoding = 4; lastKnownFileType = sourcecode.c.h; path = RZFilteredCollectionListTests.h; sourceTree = "<group>"; };
		FE16938416F8BE18003AAD76 /* RZFilteredCollectionListTests.m */ = {isa = PBXFileReference; fileEncoding = 4; lastKnownFileType = sourcecode.c.objc; path = RZFilteredCollectionListTests.m; sourceTree = "<group>"; };
		FE251259166EDF440098AC59 /* SortedListViewController.h */ = {isa = PBXFileReference; fileEncoding = 4; lastKnownFileType = sourcecode.c.h; path = SortedListViewController.h; sourceTree = "<group>"; };
		FE25125A166EDF440098AC59 /* SortedListViewController.m */ = {isa = PBXFileReference; fileEncoding = 4; lastKnownFileType = sourcecode.c.objc; path = SortedListViewController.m; sourceTree = "<group>"; };
		FE25125B166EDF440098AC59 /* SortedListViewController.xib */ = {isa = PBXFileReference; fileEncoding = 4; lastKnownFileType = file.xib; path = SortedListViewController.xib; sourceTree = "<group>"; };
		FE2DA2BD165BF12E0035967E /* FilteredListViewController.h */ = {isa = PBXFileReference; fileEncoding = 4; lastKnownFileType = sourcecode.c.h; path = FilteredListViewController.h; sourceTree = "<group>"; };
		FE2DA2BE165BF12E0035967E /* FilteredListViewController.m */ = {isa = PBXFileReference; fileEncoding = 4; lastKnownFileType = sourcecode.c.objc; path = FilteredListViewController.m; sourceTree = "<group>"; };
		FE2DA2BF165BF12E0035967E /* FilteredListViewController.xib */ = {isa = PBXFileReference; fileEncoding = 4; lastKnownFileType = file.xib; path = FilteredListViewController.xib; sourceTree = "<group>"; };
		FE2DA2C7165C24E60035967E /* ArrayListViewController.h */ = {isa = PBXFileReference; fileEncoding = 4; lastKnownFileType = sourcecode.c.h; path = ArrayListViewController.h; sourceTree = "<group>"; };
		FE2DA2C8165C24E60035967E /* ArrayListViewController.m */ = {isa = PBXFileReference; fileEncoding = 4; lastKnownFileType = sourcecode.c.objc; path = ArrayListViewController.m; sourceTree = "<group>"; };
		FE2DA2C9165C24E60035967E /* ArrayListViewController.xib */ = {isa = PBXFileReference; fileEncoding = 4; lastKnownFileType = file.xib; path = ArrayListViewController.xib; sourceTree = "<group>"; };
		FE2DA2CC165C2D070035967E /* FetchedListViewController.h */ = {isa = PBXFileReference; fileEncoding = 4; lastKnownFileType = sourcecode.c.h; path = FetchedListViewController.h; sourceTree = "<group>"; };
		FE2DA2CD165C2D070035967E /* FetchedListViewController.m */ = {isa = PBXFileReference; fileEncoding = 4; lastKnownFileType = sourcecode.c.objc; path = FetchedListViewController.m; sourceTree = "<group>"; };
		FE2DA2CE165C2D080035967E /* FetchedListViewController.xib */ = {isa = PBXFileReference; fileEncoding = 4; lastKnownFileType = file.xib; path = FetchedListViewController.xib; sourceTree = "<group>"; };
		FEBD245E16A06E9200DF7BA7 /* ArrayListViewController~ipad.xib */ = {isa = PBXFileReference; fileEncoding = 4; lastKnownFileType = file.xib; path = "ArrayListViewController~ipad.xib"; sourceTree = "<group>"; };
		FEBD246516A07A6700DF7BA7 /* SortedListViewController~ipad.xib */ = {isa = PBXFileReference; fileEncoding = 4; lastKnownFileType = file.xib; path = "SortedListViewController~ipad.xib"; sourceTree = "<group>"; };
		FEBD246616A07A6900DF7BA7 /* FilteredListViewController~ipad.xib */ = {isa = PBXFileReference; fileEncoding = 4; lastKnownFileType = file.xib; path = "FilteredListViewController~ipad.xib"; sourceTree = "<group>"; };
		FEBD246716A07A6C00DF7BA7 /* CompositeListViewController~ipad.xib */ = {isa = PBXFileReference; fileEncoding = 4; lastKnownFileType = file.xib; path = "CompositeListViewController~ipad.xib"; sourceTree = "<group>"; };
		FEBD246816A07A6E00DF7BA7 /* FetchedListViewController~ipad.xib */ = {isa = PBXFileReference; fileEncoding = 4; lastKnownFileType = file.xib; path = "FetchedListViewController~ipad.xib"; sourceTree = "<group>"; };
		FEFDE81016693F1B0052AE2D /* CompositeListViewController.h */ = {isa = PBXFileReference; fileEncoding = 4; lastKnownFileType = sourcecode.c.h; path = CompositeListViewController.h; sourceTree = "<group>"; };
		FEFDE81116693F1B0052AE2D /* CompositeListViewController.m */ = {isa = PBXFileReference; fileEncoding = 4; lastKnownFileType = sourcecode.c.objc; path = CompositeListViewController.m; sourceTree = "<group>"; };
		FEFDE81216693F1B0052AE2D /* CompositeListViewController.xib */ = {isa = PBXFileReference; fileEncoding = 4; lastKnownFileType = file.xib; path = CompositeListViewController.xib; sourceTree = "<group>"; };
/* End PBXFileReference section */

/* Begin PBXFrameworksBuildPhase section */
		FE02ACD4160289A40096F3EA /* Frameworks */ = {
			isa = PBXFrameworksBuildPhase;
			buildActionMask = 2147483647;
			files = (
				9AD49081170CCB35003AB9D7 /* QuartzCore.framework in Frameworks */,
				FE02ACDC160289A40096F3EA /* UIKit.framework in Frameworks */,
				FE02ACDE160289A40096F3EA /* Foundation.framework in Frameworks */,
				FE02ACE0160289A40096F3EA /* CoreGraphics.framework in Frameworks */,
				FE02ACE2160289A40096F3EA /* CoreData.framework in Frameworks */,
			);
			runOnlyForDeploymentPostprocessing = 0;
		};
		FE02ACF9160289A40096F3EA /* Frameworks */ = {
			isa = PBXFrameworksBuildPhase;
			buildActionMask = 2147483647;
			files = (
				9AD49080170CCB06003AB9D7 /* QuartzCore.framework in Frameworks */,
				FE02ACFF160289A40096F3EA /* SenTestingKit.framework in Frameworks */,
				FE02AD00160289A40096F3EA /* UIKit.framework in Frameworks */,
				FE02AD01160289A40096F3EA /* Foundation.framework in Frameworks */,
				FE02AD02160289A40096F3EA /* CoreData.framework in Frameworks */,
			);
			runOnlyForDeploymentPostprocessing = 0;
		};
/* End PBXFrameworksBuildPhase section */

/* Begin PBXGroup section */
		9A8FE794177346820003AD14 /* FetchedResultsTests */ = {
			isa = PBXGroup;
			children = (
				9A8FE795177346820003AD14 /* RZCollectionListFetchOrderTests.h */,
				9A8FE796177346820003AD14 /* RZCollectionListFetchOrderTests.m */,
				9A8FE79B177346A80003AD14 /* Model */,
				9A8FE7A2177360DA0003AD14 /* RZCollectionListFetchedListComboTests.h */,
				9A8FE7A3177360DA0003AD14 /* RZCollectionListFetchedListComboTests.m */,
			);
			path = FetchedResultsTests;
			sourceTree = "<group>";
		};
		9A8FE79B177346A80003AD14 /* Model */ = {
			isa = PBXGroup;
			children = (
				9A8FE7981773469F0003AD14 /* RZCollectionListFetchTestModel.xcdatamodeld */,
				9A8FE79F1773470B0003AD14 /* TestParentEntity.h */,
				9A8FE7A01773470B0003AD14 /* TestParentEntity.m */,
				9A8FE79C1773470B0003AD14 /* TestChildEntity.h */,
				9A8FE79D1773470B0003AD14 /* TestChildEntity.m */,
			);
			name = Model;
			sourceTree = "<group>";
		};
		9AFC2CE81774D44000FF5E53 /* RZCollectionList */ = {
			isa = PBXGroup;
			children = (
				9AFC2CE91774D44000FF5E53 /* Classes */,
				9AFC2D141774D45200FF5E53 /* RZCollectionList.h */,
			);
			name = RZCollectionList;
			path = ../RZCollectionList;
			sourceTree = "<group>";
		};
		9AFC2CE91774D44000FF5E53 /* Classes */ = {
			isa = PBXGroup;
			children = (
				9AFC2CF31774D44000FF5E53 /* RZCollectionListProtocol.h */,
				9AFC2CEE1774D44000FF5E53 /* RZBaseCollectionList.h */,
				9AFC2CEF1774D44000FF5E53 /* RZBaseCollectionList.m */,
				9AFC2CF01774D44000FF5E53 /* RZBaseCollectionList_Private.h */,
				9AFC2D1C1774D82A00FF5E53 /* RZCollectionListNotificationWrappers.h */,
				9AFC2D1D1774D82A00FF5E53 /* RZCollectionListNotificationWrappers.m */,
				9AFC2CEC1774D44000FF5E53 /* RZArrayCollectionList.h */,
				9AFC2CED1774D44000FF5E53 /* RZArrayCollectionList.m */,
				9AFC2CF11774D44000FF5E53 /* RZCollectionListCollectionViewDataSource.h */,
				9AFC2CF21774D44000FF5E53 /* RZCollectionListCollectionViewDataSource.m */,
				9AFC2CF41774D44000FF5E53 /* RZCollectionListTableViewDataSource.h */,
				9AFC2CF51774D44000FF5E53 /* RZCollectionListTableViewDataSource.m */,
				9AFC2CF61774D44000FF5E53 /* RZCompositeCollectionList.h */,
				9AFC2CF71774D44000FF5E53 /* RZCompositeCollectionList.m */,
				9AFC2CF81774D44000FF5E53 /* RZFetchedCollectionList.h */,
				9AFC2CF91774D44000FF5E53 /* RZFetchedCollectionList.m */,
				9AFC2CFA1774D44000FF5E53 /* RZFilteredCollectionList.h */,
				9AFC2CFB1774D44000FF5E53 /* RZFilteredCollectionList.m */,
				9AFC2CFC1774D44000FF5E53 /* RZObserverCollection.h */,
				9AFC2CFD1774D44000FF5E53 /* RZObserverCollection.m */,
				9AFC2CFE1774D44000FF5E53 /* RZSortedCollectionList.h */,
				9AFC2CFF1774D44000FF5E53 /* RZSortedCollectionList.m */,
				9AFC2CEA1774D44000FF5E53 /* NSFetchRequest+RZCreationHelpers.h */,
				9AFC2CEB1774D44000FF5E53 /* NSFetchRequest+RZCreationHelpers.m */,
			);
			path = Classes;
			sourceTree = "<group>";
		};
		FE02ACCC160289A40096F3EA = {
			isa = PBXGroup;
			children = (
				FE02ACE3160289A40096F3EA /* RZCollectionList-Demo */,
				FE02AD05160289A40096F3EA /* RZCollectionList-DemoTests */,
				9AFC2CE81774D44000FF5E53 /* RZCollectionList */,
				FE02ACDA160289A40096F3EA /* Frameworks */,
				FE02ACD8160289A40096F3EA /* Products */,
			);
			sourceTree = "<group>";
		};
		FE02ACD8160289A40096F3EA /* Products */ = {
			isa = PBXGroup;
			children = (
				FE02ACD7160289A40096F3EA /* RZCollectionList-Demo.app */,
				FE02ACFD160289A40096F3EA /* RZCollectionList-DemoTests.octest */,
			);
			name = Products;
			sourceTree = "<group>";
		};
		FE02ACDA160289A40096F3EA /* Frameworks */ = {
			isa = PBXGroup;
			children = (
				9AD4907F170CCB06003AB9D7 /* QuartzCore.framework */,
				FE02ACDB160289A40096F3EA /* UIKit.framework */,
				FE02ACDD160289A40096F3EA /* Foundation.framework */,
				FE02ACDF160289A40096F3EA /* CoreGraphics.framework */,
				FE02ACE1160289A40096F3EA /* CoreData.framework */,
				FE02ACFE160289A40096F3EA /* SenTestingKit.framework */,
			);
			name = Frameworks;
			sourceTree = "<group>";
		};
		FE02ACE3160289A40096F3EA /* RZCollectionList-Demo */ = {
			isa = PBXGroup;
			children = (
				FE02AD281603DB3F0096F3EA /* Classes */,
				FE02ACEC160289A40096F3EA /* AppDelegate.h */,
				FE02ACED160289A40096F3EA /* AppDelegate.m */,
				FE02ACF5160289A40096F3EA /* RZCollectionList_Demo.xcdatamodeld */,
				FE02ACE4160289A40096F3EA /* Supporting Files */,
			);
			path = "RZCollectionList-Demo";
			sourceTree = "<group>";
		};
		FE02ACE4160289A40096F3EA /* Supporting Files */ = {
			isa = PBXGroup;
			children = (
				FE02ACE5160289A40096F3EA /* RZCollectionList-Demo-Info.plist */,
				FE02ACE6160289A40096F3EA /* InfoPlist.strings */,
				FE02ACE9160289A40096F3EA /* main.m */,
				FE02ACEB160289A40096F3EA /* RZCollectionList-Demo-Prefix.pch */,
				FE02ACEF160289A40096F3EA /* Default.png */,
				FE02ACF1160289A40096F3EA /* Default@2x.png */,
				FE02ACF3160289A40096F3EA /* Default-568h@2x.png */,
			);
			name = "Supporting Files";
			sourceTree = "<group>";
		};
		FE02AD05160289A40096F3EA /* RZCollectionList-DemoTests */ = {
			isa = PBXGroup;
			children = (
				9A8FE7A51773629F0003AD14 /* RZCollectionListTestsBase.h */,
				9A8FE7A61773629F0003AD14 /* RZCollectionListTestsBase.m */,
				9A8FE794177346820003AD14 /* FetchedResultsTests */,
				9AEAD72F1772312C00B8A6BE /* RZCollectionListArrayListComboTests.h */,
				9AEAD7301772312C00B8A6BE /* RZCollectionListArrayListComboTests.m */,
				9A7FD31D16F8E19200739D8A /* RZCollectionListTableViewDataSourceTests.h */,
				9A7FD31E16F8E19200739D8A /* RZCollectionListTableViewDataSourceTests.m */,
				9AD4907A170C6B80003AB9D7 /* RZCollectionListCollectionViewDataSourceTests.h */,
				9AD4907B170C6B80003AB9D7 /* RZCollectionListCollectionViewDataSourceTests.m */,
				FE02AD06160289A40096F3EA /* Supporting Files */,
				FE16938316F8BE18003AAD76 /* RZFilteredCollectionListTests.h */,
				FE16938416F8BE18003AAD76 /* RZFilteredCollectionListTests.m */,
				9AEAD7321772324600B8A6BE /* RZCollectionListTestModelObject.h */,
				9AEAD7331772324600B8A6BE /* RZCollectionListTestModelObject.m */,
			);
			path = "RZCollectionList-DemoTests";
			sourceTree = "<group>";
		};
		FE02AD06160289A40096F3EA /* Supporting Files */ = {
			isa = PBXGroup;
			children = (
				FE02AD07160289A40096F3EA /* RZCollectionList-DemoTests-Info.plist */,
				FE02AD08160289A40096F3EA /* InfoPlist.strings */,
			);
			name = "Supporting Files";
			sourceTree = "<group>";
		};
		FE02AD281603DB3F0096F3EA /* Classes */ = {
			isa = PBXGroup;
			children = (
				FE02AD3E1607FA7E0096F3EA /* Objects */,
				FE02AD2E1603DB710096F3EA /* ViewControllers */,
				FE02AD291603DB3F0096F3EA /* Model */,
			);
			path = Classes;
			sourceTree = "<group>";
		};
		FE02AD291603DB3F0096F3EA /* Model */ = {
			isa = PBXGroup;
			children = (
				FE02AD2A1603DB3F0096F3EA /* ListItem.h */,
				FE02AD2B1603DB3F0096F3EA /* ListItem.m */,
			);
			path = Model;
			sourceTree = "<group>";
		};
		FE02AD2E1603DB710096F3EA /* ViewControllers */ = {
			isa = PBXGroup;
			children = (
				FE02AD331603DBF00096F3EA /* DemoCollectionListViewController.h */,
				FE02AD341603DBF00096F3EA /* DemoCollectionListViewController.m */,
				FE02AD351603DBF00096F3EA /* DemoCollectionListViewController.xib */,
				FE2DA2BD165BF12E0035967E /* FilteredListViewController.h */,
				FE2DA2BE165BF12E0035967E /* FilteredListViewController.m */,
				FE2DA2BF165BF12E0035967E /* FilteredListViewController.xib */,
				FEBD246616A07A6900DF7BA7 /* FilteredListViewController~ipad.xib */,
				FE2DA2C7165C24E60035967E /* ArrayListViewController.h */,
				FE2DA2C8165C24E60035967E /* ArrayListViewController.m */,
				FE2DA2C9165C24E60035967E /* ArrayListViewController.xib */,
				FEBD245E16A06E9200DF7BA7 /* ArrayListViewController~ipad.xib */,
				FE2DA2CC165C2D070035967E /* FetchedListViewController.h */,
				FE2DA2CD165C2D070035967E /* FetchedListViewController.m */,
				FE2DA2CE165C2D080035967E /* FetchedListViewController.xib */,
				FEBD246816A07A6E00DF7BA7 /* FetchedListViewController~ipad.xib */,
				FEFDE81016693F1B0052AE2D /* CompositeListViewController.h */,
				FEFDE81116693F1B0052AE2D /* CompositeListViewController.m */,
				FEFDE81216693F1B0052AE2D /* CompositeListViewController.xib */,
				FEBD246716A07A6C00DF7BA7 /* CompositeListViewController~ipad.xib */,
				FE251259166EDF440098AC59 /* SortedListViewController.h */,
				FE25125A166EDF440098AC59 /* SortedListViewController.m */,
				FE25125B166EDF440098AC59 /* SortedListViewController.xib */,
				FEBD246516A07A6700DF7BA7 /* SortedListViewController~ipad.xib */,
			);
			path = ViewControllers;
			sourceTree = "<group>";
		};
		FE02AD3E1607FA7E0096F3EA /* Objects */ = {
			isa = PBXGroup;
			children = (
				FE02AD3F1607FA980096F3EA /* ListItemObject.h */,
				FE02AD401607FA980096F3EA /* ListItemObject.m */,
			);
			name = Objects;
			sourceTree = "<group>";
		};
/* End PBXGroup section */

/* Begin PBXNativeTarget section */
		FE02ACD6160289A40096F3EA /* RZCollectionList-Demo */ = {
			isa = PBXNativeTarget;
			buildConfigurationList = FE02AD10160289A40096F3EA /* Build configuration list for PBXNativeTarget "RZCollectionList-Demo" */;
			buildPhases = (
				FE02ACD3160289A40096F3EA /* Sources */,
				FE02ACD4160289A40096F3EA /* Frameworks */,
				FE02ACD5160289A40096F3EA /* Resources */,
			);
			buildRules = (
			);
			dependencies = (
			);
			name = "RZCollectionList-Demo";
			productName = "RZCollectionList-Demo";
			productReference = FE02ACD7160289A40096F3EA /* RZCollectionList-Demo.app */;
			productType = "com.apple.product-type.application";
		};
		FE02ACFC160289A40096F3EA /* RZCollectionList-DemoTests */ = {
			isa = PBXNativeTarget;
			buildConfigurationList = FE02AD13160289A40096F3EA /* Build configuration list for PBXNativeTarget "RZCollectionList-DemoTests" */;
			buildPhases = (
				FE02ACF8160289A40096F3EA /* Sources */,
				FE02ACF9160289A40096F3EA /* Frameworks */,
				FE02ACFA160289A40096F3EA /* Resources */,
				FE02ACFB160289A40096F3EA /* ShellScript */,
			);
			buildRules = (
			);
			dependencies = (
				FE02AD04160289A40096F3EA /* PBXTargetDependency */,
			);
			name = "RZCollectionList-DemoTests";
			productName = "RZCollectionList-DemoTests";
			productReference = FE02ACFD160289A40096F3EA /* RZCollectionList-DemoTests.octest */;
			productType = "com.apple.product-type.bundle";
		};
/* End PBXNativeTarget section */

/* Begin PBXProject section */
		FE02ACCE160289A40096F3EA /* Project object */ = {
			isa = PBXProject;
			attributes = {
				LastUpgradeCheck = 0450;
				ORGANIZATIONNAME = Raizlabs;
			};
			buildConfigurationList = FE02ACD1160289A40096F3EA /* Build configuration list for PBXProject "RZCollectionList-Demo" */;
			compatibilityVersion = "Xcode 3.2";
			developmentRegion = English;
			hasScannedForEncodings = 0;
			knownRegions = (
				en,
			);
			mainGroup = FE02ACCC160289A40096F3EA;
			productRefGroup = FE02ACD8160289A40096F3EA /* Products */;
			projectDirPath = "";
			projectRoot = "";
			targets = (
				FE02ACD6160289A40096F3EA /* RZCollectionList-Demo */,
				FE02ACFC160289A40096F3EA /* RZCollectionList-DemoTests */,
			);
		};
/* End PBXProject section */

/* Begin PBXResourcesBuildPhase section */
		FE02ACD5160289A40096F3EA /* Resources */ = {
			isa = PBXResourcesBuildPhase;
			buildActionMask = 2147483647;
			files = (
				FE02ACE8160289A40096F3EA /* InfoPlist.strings in Resources */,
				FE02ACF0160289A40096F3EA /* Default.png in Resources */,
				FE02ACF2160289A40096F3EA /* Default@2x.png in Resources */,
				FE02ACF4160289A40096F3EA /* Default-568h@2x.png in Resources */,
				FE02AD381603DBF00096F3EA /* DemoCollectionListViewController.xib in Resources */,
				FE2DA2C1165BF12E0035967E /* FilteredListViewController.xib in Resources */,
				FE2DA2CB165C24E60035967E /* ArrayListViewController.xib in Resources */,
				FE2DA2D0165C2D080035967E /* FetchedListViewController.xib in Resources */,
				FEFDE81416693F1B0052AE2D /* CompositeListViewController.xib in Resources */,
				FE25125D166EDF440098AC59 /* SortedListViewController.xib in Resources */,
				FEBD245F16A06E9300DF7BA7 /* ArrayListViewController~ipad.xib in Resources */,
				FEBD246916A07A6F00DF7BA7 /* SortedListViewController~ipad.xib in Resources */,
				FEBD246A16A07A6F00DF7BA7 /* FilteredListViewController~ipad.xib in Resources */,
				FEBD246B16A07A6F00DF7BA7 /* CompositeListViewController~ipad.xib in Resources */,
				FEBD246C16A07A6F00DF7BA7 /* FetchedListViewController~ipad.xib in Resources */,
			);
			runOnlyForDeploymentPostprocessing = 0;
		};
		FE02ACFA160289A40096F3EA /* Resources */ = {
			isa = PBXResourcesBuildPhase;
			buildActionMask = 2147483647;
			files = (
				FE02AD0A160289A40096F3EA /* InfoPlist.strings in Resources */,
				FE02AD391603DBF00096F3EA /* DemoCollectionListViewController.xib in Resources */,
			);
			runOnlyForDeploymentPostprocessing = 0;
		};
/* End PBXResourcesBuildPhase section */

/* Begin PBXShellScriptBuildPhase section */
		FE02ACFB160289A40096F3EA /* ShellScript */ = {
			isa = PBXShellScriptBuildPhase;
			buildActionMask = 2147483647;
			files = (
			);
			inputPaths = (
			);
			outputPaths = (
			);
			runOnlyForDeploymentPostprocessing = 0;
			shellPath = /bin/sh;
			shellScript = "# Run the unit tests in this test bundle.\n\"${SYSTEM_DEVELOPER_DIR}/Tools/RunUnitTests\"\n";
		};
/* End PBXShellScriptBuildPhase section */

/* Begin PBXSourcesBuildPhase section */
		FE02ACD3160289A40096F3EA /* Sources */ = {
			isa = PBXSourcesBuildPhase;
			buildActionMask = 2147483647;
			files = (
				FE02ACEA160289A40096F3EA /* main.m in Sources */,
				FE02ACEE160289A40096F3EA /* AppDelegate.m in Sources */,
				FE02ACF7160289A40096F3EA /* RZCollectionList_Demo.xcdatamodeld in Sources */,
				FE02AD2C1603DB3F0096F3EA /* ListItem.m in Sources */,
				FE02AD361603DBF00096F3EA /* DemoCollectionListViewController.m in Sources */,
				FE02AD411607FA980096F3EA /* ListItemObject.m in Sources */,
				FE2DA2C0165BF12E0035967E /* FilteredListViewController.m in Sources */,
				FE2DA2CA165C24E60035967E /* ArrayListViewController.m in Sources */,
				FE2DA2CF165C2D080035967E /* FetchedListViewController.m in Sources */,
				FEFDE81316693F1B0052AE2D /* CompositeListViewController.m in Sources */,
				FE25125C166EDF440098AC59 /* SortedListViewController.m in Sources */,
				9AFC2D001774D44000FF5E53 /* NSFetchRequest+RZCreationHelpers.m in Sources */,
				9AFC2D021774D44000FF5E53 /* RZArrayCollectionList.m in Sources */,
				9AFC2D041774D44000FF5E53 /* RZBaseCollectionList.m in Sources */,
				9AFC2D061774D44000FF5E53 /* RZCollectionListCollectionViewDataSource.m in Sources */,
				9AFC2D081774D44000FF5E53 /* RZCollectionListTableViewDataSource.m in Sources */,
				9AFC2D0A1774D44000FF5E53 /* RZCompositeCollectionList.m in Sources */,
				9AFC2D0C1774D44000FF5E53 /* RZFetchedCollectionList.m in Sources */,
				9AFC2D0E1774D44000FF5E53 /* RZFilteredCollectionList.m in Sources */,
				9AFC2D101774D44000FF5E53 /* RZObserverCollection.m in Sources */,
				9AFC2D121774D44000FF5E53 /* RZSortedCollectionList.m in Sources */,
				9AFC2D1E1774D82B00FF5E53 /* RZCollectionListNotificationWrappers.m in Sources */,
			);
			runOnlyForDeploymentPostprocessing = 0;
		};
		FE02ACF8160289A40096F3EA /* Sources */ = {
			isa = PBXSourcesBuildPhase;
			buildActionMask = 2147483647;
			files = (
				FE02AD2D1603DB3F0096F3EA /* ListItem.m in Sources */,
				FE02AD371603DBF00096F3EA /* DemoCollectionListViewController.m in Sources */,
				FE02AD421607FA980096F3EA /* ListItemObject.m in Sources */,
				FE16938516F8BE18003AAD76 /* RZFilteredCollectionListTests.m in Sources */,
				9A7FD31F16F8E19200739D8A /* RZCollectionListTableViewDataSourceTests.m in Sources */,
				9AD4907C170C6B80003AB9D7 /* RZCollectionListCollectionViewDataSourceTests.m in Sources */,
				9AEAD7311772312C00B8A6BE /* RZCollectionListArrayListComboTests.m in Sources */,
				9AEAD7341772324600B8A6BE /* RZCollectionListTestModelObject.m in Sources */,
				9A8FE797177346820003AD14 /* RZCollectionListFetchOrderTests.m in Sources */,
				9A8FE79A1773469F0003AD14 /* RZCollectionListFetchTestModel.xcdatamodeld in Sources */,
				9A8FE79E1773470B0003AD14 /* TestChildEntity.m in Sources */,
				9A8FE7A11773470B0003AD14 /* TestParentEntity.m in Sources */,
				9A8FE7A4177360DA0003AD14 /* RZCollectionListFetchedListComboTests.m in Sources */,
				9A8FE7A71773629F0003AD14 /* RZCollectionListTestsBase.m in Sources */,
				9AFC2D011774D44000FF5E53 /* NSFetchRequest+RZCreationHelpers.m in Sources */,
				9AFC2D031774D44000FF5E53 /* RZArrayCollectionList.m in Sources */,
				9AFC2D051774D44000FF5E53 /* RZBaseCollectionList.m in Sources */,
				9AFC2D071774D44000FF5E53 /* RZCollectionListCollectionViewDataSource.m in Sources */,
				9AFC2D091774D44000FF5E53 /* RZCollectionListTableViewDataSource.m in Sources */,
				9AFC2D0B1774D44000FF5E53 /* RZCompositeCollectionList.m in Sources */,
				9AFC2D0D1774D44000FF5E53 /* RZFetchedCollectionList.m in Sources */,
				9AFC2D0F1774D44000FF5E53 /* RZFilteredCollectionList.m in Sources */,
				9AFC2D111774D44000FF5E53 /* RZObserverCollection.m in Sources */,
				9AFC2D131774D44000FF5E53 /* RZSortedCollectionList.m in Sources */,
				9AFC2D1F1774D82B00FF5E53 /* RZCollectionListNotificationWrappers.m in Sources */,
			);
			runOnlyForDeploymentPostprocessing = 0;
		};
/* End PBXSourcesBuildPhase section */

/* Begin PBXTargetDependency section */
		FE02AD04160289A40096F3EA /* PBXTargetDependency */ = {
			isa = PBXTargetDependency;
			target = FE02ACD6160289A40096F3EA /* RZCollectionList-Demo */;
			targetProxy = FE02AD03160289A40096F3EA /* PBXContainerItemProxy */;
		};
/* End PBXTargetDependency section */

/* Begin PBXVariantGroup section */
		FE02ACE6160289A40096F3EA /* InfoPlist.strings */ = {
			isa = PBXVariantGroup;
			children = (
				FE02ACE7160289A40096F3EA /* en */,
			);
			name = InfoPlist.strings;
			sourceTree = "<group>";
		};
		FE02AD08160289A40096F3EA /* InfoPlist.strings */ = {
			isa = PBXVariantGroup;
			children = (
				FE02AD09160289A40096F3EA /* en */,
			);
			name = InfoPlist.strings;
			sourceTree = "<group>";
		};
/* End PBXVariantGroup section */

/* Begin XCBuildConfiguration section */
		FE02AD0E160289A40096F3EA /* Debug */ = {
			isa = XCBuildConfiguration;
			buildSettings = {
				ALWAYS_SEARCH_USER_PATHS = NO;
				CLANG_CXX_LANGUAGE_STANDARD = "gnu++0x";
				CLANG_CXX_LIBRARY = "libc++";
				CLANG_ENABLE_OBJC_ARC = YES;
				CLANG_WARN_EMPTY_BODY = YES;
				CLANG_WARN__DUPLICATE_METHOD_MATCH = YES;
				"CODE_SIGN_IDENTITY[sdk=iphoneos*]" = "iPhone Developer";
				COPY_PHASE_STRIP = NO;
				GCC_C_LANGUAGE_STANDARD = gnu99;
				GCC_DYNAMIC_NO_PIC = NO;
				GCC_OPTIMIZATION_LEVEL = 0;
				GCC_PREPROCESSOR_DEFINITIONS = (
					"DEBUG=1",
					"$(inherited)",
				);
				GCC_SYMBOLS_PRIVATE_EXTERN = NO;
				GCC_WARN_ABOUT_RETURN_TYPE = YES;
				GCC_WARN_UNINITIALIZED_AUTOS = YES;
				GCC_WARN_UNUSED_VARIABLE = YES;
				HEADER_SEARCH_PATHS = "../**";
				IPHONEOS_DEPLOYMENT_TARGET = 6.0;
				SDKROOT = iphoneos;
			};
			name = Debug;
		};
		FE02AD0F160289A40096F3EA /* Release */ = {
			isa = XCBuildConfiguration;
			buildSettings = {
				ALWAYS_SEARCH_USER_PATHS = NO;
				CLANG_CXX_LANGUAGE_STANDARD = "gnu++0x";
				CLANG_CXX_LIBRARY = "libc++";
				CLANG_ENABLE_OBJC_ARC = YES;
				CLANG_WARN_EMPTY_BODY = YES;
				CLANG_WARN__DUPLICATE_METHOD_MATCH = YES;
				"CODE_SIGN_IDENTITY[sdk=iphoneos*]" = "iPhone Developer";
				COPY_PHASE_STRIP = YES;
				GCC_C_LANGUAGE_STANDARD = gnu99;
				GCC_WARN_ABOUT_RETURN_TYPE = YES;
				GCC_WARN_UNINITIALIZED_AUTOS = YES;
				GCC_WARN_UNUSED_VARIABLE = YES;
				HEADER_SEARCH_PATHS = "../**";
				IPHONEOS_DEPLOYMENT_TARGET = 6.0;
				OTHER_CFLAGS = "-DNS_BLOCK_ASSERTIONS=1";
				SDKROOT = iphoneos;
				VALIDATE_PRODUCT = YES;
			};
			name = Release;
		};
		FE02AD11160289A40096F3EA /* Debug */ = {
			isa = XCBuildConfiguration;
			buildSettings = {
				GCC_PRECOMPILE_PREFIX_HEADER = YES;
				GCC_PREFIX_HEADER = "RZCollectionList-Demo/RZCollectionList-Demo-Prefix.pch";
				INFOPLIST_FILE = "RZCollectionList-Demo/RZCollectionList-Demo-Info.plist";
				IPHONEOS_DEPLOYMENT_TARGET = 6.0;
				PRODUCT_NAME = "$(TARGET_NAME)";
				TARGETED_DEVICE_FAMILY = "1,2";
				WRAPPER_EXTENSION = app;
			};
			name = Debug;
		};
		FE02AD12160289A40096F3EA /* Release */ = {
			isa = XCBuildConfiguration;
			buildSettings = {
				GCC_PRECOMPILE_PREFIX_HEADER = YES;
				GCC_PREFIX_HEADER = "RZCollectionList-Demo/RZCollectionList-Demo-Prefix.pch";
				INFOPLIST_FILE = "RZCollectionList-Demo/RZCollectionList-Demo-Info.plist";
				IPHONEOS_DEPLOYMENT_TARGET = 6.0;
				PRODUCT_NAME = "$(TARGET_NAME)";
				TARGETED_DEVICE_FAMILY = "1,2";
				WRAPPER_EXTENSION = app;
			};
			name = Release;
		};
		FE02AD14160289A40096F3EA /* Debug */ = {
			isa = XCBuildConfiguration;
			buildSettings = {
				BUNDLE_LOADER = "$(BUILT_PRODUCTS_DIR)/RZCollectionList-Demo.app/RZCollectionList-Demo";
				FRAMEWORK_SEARCH_PATHS = (
					"\"$(SDKROOT)/Developer/Library/Frameworks\"",
					"\"$(DEVELOPER_LIBRARY_DIR)/Frameworks\"",
				);
				GCC_PRECOMPILE_PREFIX_HEADER = YES;
				GCC_PREFIX_HEADER = "RZCollectionList-Demo/RZCollectionList-Demo-Prefix.pch";
				INFOPLIST_FILE = "RZCollectionList-DemoTests/RZCollectionList-DemoTests-Info.plist";
				PRODUCT_NAME = "$(TARGET_NAME)";
				TEST_HOST = "$(BUNDLE_LOADER)";
				WRAPPER_EXTENSION = octest;
			};
			name = Debug;
		};
		FE02AD15160289A40096F3EA /* Release */ = {
			isa = XCBuildConfiguration;
			buildSettings = {
				BUNDLE_LOADER = "$(BUILT_PRODUCTS_DIR)/RZCollectionList-Demo.app/RZCollectionList-Demo";
				FRAMEWORK_SEARCH_PATHS = (
					"\"$(SDKROOT)/Developer/Library/Frameworks\"",
					"\"$(DEVELOPER_LIBRARY_DIR)/Frameworks\"",
				);
				GCC_PRECOMPILE_PREFIX_HEADER = YES;
				GCC_PREFIX_HEADER = "RZCollectionList-Demo/RZCollectionList-Demo-Prefix.pch";
				INFOPLIST_FILE = "RZCollectionList-DemoTests/RZCollectionList-DemoTests-Info.plist";
				PRODUCT_NAME = "$(TARGET_NAME)";
				TEST_HOST = "$(BUNDLE_LOADER)";
				WRAPPER_EXTENSION = octest;
			};
			name = Release;
		};
/* End XCBuildConfiguration section */

/* Begin XCConfigurationList section */
		FE02ACD1160289A40096F3EA /* Build configuration list for PBXProject "RZCollectionList-Demo" */ = {
			isa = XCConfigurationList;
			buildConfigurations = (
				FE02AD0E160289A40096F3EA /* Debug */,
				FE02AD0F160289A40096F3EA /* Release */,
			);
			defaultConfigurationIsVisible = 0;
			defaultConfigurationName = Release;
		};
		FE02AD10160289A40096F3EA /* Build configuration list for PBXNativeTarget "RZCollectionList-Demo" */ = {
			isa = XCConfigurationList;
			buildConfigurations = (
				FE02AD11160289A40096F3EA /* Debug */,
				FE02AD12160289A40096F3EA /* Release */,
			);
			defaultConfigurationIsVisible = 0;
			defaultConfigurationName = Release;
		};
		FE02AD13160289A40096F3EA /* Build configuration list for PBXNativeTarget "RZCollectionList-DemoTests" */ = {
			isa = XCConfigurationList;
			buildConfigurations = (
				FE02AD14160289A40096F3EA /* Debug */,
				FE02AD15160289A40096F3EA /* Release */,
			);
			defaultConfigurationIsVisible = 0;
			defaultConfigurationName = Release;
		};
/* End XCConfigurationList section */

/* Begin XCVersionGroup section */
		9A8FE7981773469F0003AD14 /* RZCollectionListFetchTestModel.xcdatamodeld */ = {
			isa = XCVersionGroup;
			children = (
				9A8FE7991773469F0003AD14 /* RZCollectionListFetchTestModel.xcdatamodel */,
			);
			currentVersion = 9A8FE7991773469F0003AD14 /* RZCollectionListFetchTestModel.xcdatamodel */;
			path = RZCollectionListFetchTestModel.xcdatamodeld;
			sourceTree = "<group>";
			versionGroupType = wrapper.xcdatamodel;
		};
		FE02ACF5160289A40096F3EA /* RZCollectionList_Demo.xcdatamodeld */ = {
			isa = XCVersionGroup;
			children = (
				FE02ACF6160289A40096F3EA /* RZCollectionList_Demo.xcdatamodel */,
			);
			currentVersion = FE02ACF6160289A40096F3EA /* RZCollectionList_Demo.xcdatamodel */;
			path = RZCollectionList_Demo.xcdatamodeld;
			sourceTree = "<group>";
			versionGroupType = wrapper.xcdatamodel;
		};
/* End XCVersionGroup section */
	};
	rootObject = FE02ACCE160289A40096F3EA /* Project object */;
}
